
Microsoft Visual Studio Solution File, Format Version 12.00
# Visual Studio Version 17
VisualStudioVersion = 17.0.32126.317
MinimumVisualStudioVersion = 10.0.40219.1
Project("{FAE04EC0-301F-11D3-BF4B-00C04F79EFBC}") = "WebCompra", "WebCompra.csproj", "{474954EC-B9A9-4E33-9641-7C16B390630B}"
EndProject
Global
	GlobalSection(SolutionConfigurationPlatforms) = preSolution
		Debug|Any CPU = Debug|Any CPU
		Release|Any CPU = Release|Any CPU
	EndGlobalSection
	GlobalSection(ProjectConfigurationPlatforms) = postSolution
		{474954EC-B9A9-4E33-9641-7C16B390630B}.Debug|Any CPU.ActiveCfg = Debug|Any CPU
		{474954EC-B9A9-4E33-9641-7C16B390630B}.Debug|Any CPU.Build.0 = Debug|Any CPU
		{474954EC-B9A9-4E33-9641-7C16B390630B}.Release|Any CPU.ActiveCfg = Release|Any CPU
		{474954EC-B9A9-4E33-9641-7C16B390630B}.Release|Any CPU.Build.0 = Release|Any CPU
	EndGlobalSection
	GlobalSection(SolutionProperties) = preSolution
		HideSolutionNode = FALSE
	EndGlobalSection
	GlobalSection(ExtensibilityGlobals) = postSolution
		SolutionGuid = {97A21741-1F7F-46FA-8BFA-A26101F41A16}
	EndGlobalSection
EndGlobal
